
Microsoft Visual Studio Solution File, Format Version 12.00
# Visual Studio Version 16
VisualStudioVersion = 16.0.31613.86
MinimumVisualStudioVersion = 10.0.40219.1
Project("{9A19103F-16F7-4668-BE54-9A1E7A4F7556}") = "Vista", "Vista\Vista.csproj", "{FDBAA80F-7B79-49CC-A3C9-0BECDBBC7520}"
	ProjectSection(ProjectDependencies) = postProject
		{6F094B41-4A93-4901-8610-15966FBCEE4B} = {6F094B41-4A93-4901-8610-15966FBCEE4B}
	EndProjectSection
EndProject
Project("{9A19103F-16F7-4668-BE54-9A1E7A4F7556}") = "BibliotecaClases", "BibliotecaClases\BibliotecaClases.csproj", "{6F094B41-4A93-4901-8610-15966FBCEE4B}"
EndProject
Global
	GlobalSection(SolutionConfigurationPlatforms) = preSolution
		Debug|Any CPU = Debug|Any CPU
		Release|Any CPU = Release|Any CPU
	EndGlobalSection
	GlobalSection(ProjectConfigurationPlatforms) = postSolution
		{FDBAA80F-7B79-49CC-A3C9-0BECDBBC7520}.Debug|Any CPU.ActiveCfg = Debug|Any CPU
		{FDBAA80F-7B79-49CC-A3C9-0BECDBBC7520}.Debug|Any CPU.Build.0 = Debug|Any CPU
		{FDBAA80F-7B79-49CC-A3C9-0BECDBBC7520}.Release|Any CPU.ActiveCfg = Release|Any CPU
		{FDBAA80F-7B79-49CC-A3C9-0BECDBBC7520}.Release|Any CPU.Build.0 = Release|Any CPU
		{6F094B41-4A93-4901-8610-15966FBCEE4B}.Debug|Any CPU.ActiveCfg = Debug|Any CPU
		{6F094B41-4A93-4901-8610-15966FBCEE4B}.Debug|Any CPU.Build.0 = Debug|Any CPU
		{6F094B41-4A93-4901-8610-15966FBCEE4B}.Release|Any CPU.ActiveCfg = Release|Any CPU
		{6F094B41-4A93-4901-8610-15966FBCEE4B}.Release|Any CPU.Build.0 = Release|Any CPU
	EndGlobalSection
	GlobalSection(SolutionProperties) = preSolution
		HideSolutionNode = FALSE
	EndGlobalSection
	GlobalSection(ExtensibilityGlobals) = postSolution
		SolutionGuid = {7379C938-AECF-446B-AF57-8B1E6DE9A9D9}
	EndGlobalSection
EndGlobal
